
Microsoft Visual Studio Solution File, Format Version 12.00
# Visual Studio Version 16
VisualStudioVersion = 16.0.31702.278
MinimumVisualStudioVersion = 10.0.40219.1
Project("{9A19103F-16F7-4668-BE54-9A1E7A4F7556}") = "ToDoApp", "ToDoApp\ToDoApp.csproj", "{0DAE74E4-D4FB-4FC8-8A8B-134FA4F3072B}"
EndProject
Global
	GlobalSection(SolutionConfigurationPlatforms) = preSolution
		Debug|Any CPU = Debug|Any CPU
		Release|Any CPU = Release|Any CPU
	EndGlobalSection
	GlobalSection(ProjectConfigurationPlatforms) = postSolution
		{0DAE74E4-D4FB-4FC8-8A8B-134FA4F3072B}.Debug|Any CPU.ActiveCfg = Debug|Any CPU
		{0DAE74E4-D4FB-4FC8-8A8B-134FA4F3072B}.Debug|Any CPU.Build.0 = Debug|Any CPU
		{0DAE74E4-D4FB-4FC8-8A8B-134FA4F3072B}.Release|Any CPU.ActiveCfg = Release|Any CPU
		{0DAE74E4-D4FB-4FC8-8A8B-134FA4F3072B}.Release|Any CPU.Build.0 = Release|Any CPU
	EndGlobalSection
	GlobalSection(SolutionProperties) = preSolution
		HideSolutionNode = FALSE
	EndGlobalSection
	GlobalSection(ExtensibilityGlobals) = postSolution
		SolutionGuid = {07E402B9-0E5A-4292-8441-42839BFEAB6D}
	EndGlobalSection
EndGlobal
